github.com/hussainh4h/puppy v1.0.0 h1:4ItF7gRMZmvOnvsUoNI2KGc3yVIBxBrqt4SobFcOkpA=
github.com/hussainh4h/puppy v1.0.0/go.mod h1:0AR8QBOULduP0Hwh4igu9gJvIOzYJvRk+OBpvl9RNWI=
github.com/hussainh4h/puppy v1.0.1 h1:ZPO9UQzfR2d1YMnTeqi13nML6DQgfr8eEerOZWJv50Y=
github.com/hussainh4h/puppy v1.0.1/go.mod h1:0AR8QBOULduP0Hwh4igu9gJvIOzYJvRk+OBpvl9RNWI=
